
Microsoft Visual Studio Solution File, Format Version 12.00
# Visual Studio Version 16
VisualStudioVersion = 16.0.30320.27
MinimumVisualStudioVersion = 10.0.40219.1
Project("{FAE04EC0-301F-11D3-BF4B-00C04F79EFBC}") = "PROJECT_IMDB.Entity", "PROJECT_IMDB.Entity\PROJECT_IMDB.Entity.csproj", "{65A477A2-916F-408E-AD00-6BAE9E706EF9}"
EndProject
Project("{FAE04EC0-301F-11D3-BF4B-00C04F79EFBC}") = "PROJECT_IMDB.Map", "PROJECT_IMDB.Map\PROJECT_IMDB.Map.csproj", "{5C1D42BC-EF24-4740-97AB-2DE98B088985}"
EndProject
Project("{FAE04EC0-301F-11D3-BF4B-00C04F79EFBC}") = "PROJECT_IMDB.DAL", "PROJECT_IMDB.DAL\PROJECT_IMDB.DAL.csproj", "{5C914D23-1553-485B-9982-094814938402}"
EndProject
Project("{FAE04EC0-301F-11D3-BF4B-00C04F79EFBC}") = "PROJECT_IMDB.UI", "PROJECT_IMDB.UI\PROJECT_IMDB.UI.csproj", "{8B766343-ACEC-48BC-AFA7-AC06C85997BE}"
EndProject
Project("{FAE04EC0-301F-11D3-BF4B-00C04F79EFBC}") = "PROJECT_IMBD.Service", "PROJECT_IMBD.Service\PROJECT_IMBD.Service.csproj", "{8EDAC9A1-D57F-439C-B7A7-A187B78B0AD4}"
EndProject
Global
	GlobalSection(SolutionConfigurationPlatforms) = preSolution
		Debug|Any CPU = Debug|Any CPU
		Release|Any CPU = Release|Any CPU
	EndGlobalSection
	GlobalSection(ProjectConfigurationPlatforms) = postSolution
		{65A477A2-916F-408E-AD00-6BAE9E706EF9}.Debug|Any CPU.ActiveCfg = Debug|Any CPU
		{65A477A2-916F-408E-AD00-6BAE9E706EF9}.Debug|Any CPU.Build.0 = Debug|Any CPU
		{65A477A2-916F-408E-AD00-6BAE9E706EF9}.Release|Any CPU.ActiveCfg = Release|Any CPU
		{65A477A2-916F-408E-AD00-6BAE9E706EF9}.Release|Any CPU.Build.0 = Release|Any CPU
		{5C1D42BC-EF24-4740-97AB-2DE98B088985}.Debug|Any CPU.ActiveCfg = Debug|Any CPU
		{5C1D42BC-EF24-4740-97AB-2DE98B088985}.Debug|Any CPU.Build.0 = Debug|Any CPU
		{5C1D42BC-EF24-4740-97AB-2DE98B088985}.Release|Any CPU.ActiveCfg = Release|Any CPU
		{5C1D42BC-EF24-4740-97AB-2DE98B088985}.Release|Any CPU.Build.0 = Release|Any CPU
		{5C914D23-1553-485B-9982-094814938402}.Debug|Any CPU.ActiveCfg = Debug|Any CPU
		{5C914D23-1553-485B-9982-094814938402}.Debug|Any CPU.Build.0 = Debug|Any CPU
		{5C914D23-1553-485B-9982-094814938402}.Release|Any CPU.ActiveCfg = Release|Any CPU
		{5C914D23-1553-485B-9982-094814938402}.Release|Any CPU.Build.0 = Release|Any CPU
		{8B766343-ACEC-48BC-AFA7-AC06C85997BE}.Debug|Any CPU.ActiveCfg = Debug|Any CPU
		{8B766343-ACEC-48BC-AFA7-AC06C85997BE}.Debug|Any CPU.Build.0 = Debug|Any CPU
		{8B766343-ACEC-48BC-AFA7-AC06C85997BE}.Release|Any CPU.ActiveCfg = Release|Any CPU
		{8B766343-ACEC-48BC-AFA7-AC06C85997BE}.Release|Any CPU.Build.0 = Release|Any CPU
		{8EDAC9A1-D57F-439C-B7A7-A187B78B0AD4}.Debug|Any CPU.ActiveCfg = Debug|Any CPU
		{8EDAC9A1-D57F-439C-B7A7-A187B78B0AD4}.Debug|Any CPU.Build.0 = Debug|Any CPU
		{8EDAC9A1-D57F-439C-B7A7-A187B78B0AD4}.Release|Any CPU.ActiveCfg = Release|Any CPU
		{8EDAC9A1-D57F-439C-B7A7-A187B78B0AD4}.Release|Any CPU.Build.0 = Release|Any CPU
	EndGlobalSection
	GlobalSection(SolutionProperties) = preSolution
		HideSolutionNode = FALSE
	EndGlobalSection
	GlobalSection(ExtensibilityGlobals) = postSolution
		SolutionGuid = {4EA6430B-4CED-40B6-BFBE-EB301DB780FF}
	EndGlobalSection
EndGlobal
